
Microsoft Visual Studio Solution File, Format Version 10.00
# Visual Studio 2008
Project("{FAE04EC0-301F-11D3-BF4B-00C04F79EFBC}") = "TokenAuthTest", "TokenAuthTest\TokenAuthTest.csproj", "{128CD865-C95B-4379-885C-D62672470491}"
EndProject
Project("{FAE04EC0-301F-11D3-BF4B-00C04F79EFBC}") = "TokenAuth", "TokenAuth\TokenAuth.csproj", "{2E0F78ED-299A-4AE4-9498-A713C39543D2}"
EndProject
Global
	GlobalSection(SolutionConfigurationPlatforms) = preSolution
		Debug|Any CPU = Debug|Any CPU
		Release|Any CPU = Release|Any CPU
	EndGlobalSection
	GlobalSection(ProjectConfigurationPlatforms) = postSolution
		{128CD865-C95B-4379-885C-D62672470491}.Debug|Any CPU.ActiveCfg = Debug|Any CPU
		{128CD865-C95B-4379-885C-D62672470491}.Debug|Any CPU.Build.0 = Debug|Any CPU
		{128CD865-C95B-4379-885C-D62672470491}.Release|Any CPU.ActiveCfg = Release|Any CPU
		{128CD865-C95B-4379-885C-D62672470491}.Release|Any CPU.Build.0 = Release|Any CPU
		{2E0F78ED-299A-4AE4-9498-A713C39543D2}.Debug|Any CPU.ActiveCfg = Debug|Any CPU
		{2E0F78ED-299A-4AE4-9498-A713C39543D2}.Debug|Any CPU.Build.0 = Debug|Any CPU
		{2E0F78ED-299A-4AE4-9498-A713C39543D2}.Release|Any CPU.ActiveCfg = Release|Any CPU
		{2E0F78ED-299A-4AE4-9498-A713C39543D2}.Release|Any CPU.Build.0 = Release|Any CPU
	EndGlobalSection
	GlobalSection(SolutionProperties) = preSolution
		HideSolutionNode = FALSE
	EndGlobalSection
EndGlobal
